
Microsoft Visual Studio Solution File, Format Version 12.00
# Visual Studio Version 17
VisualStudioVersion = 17.0.32112.339
MinimumVisualStudioVersion = 10.0.40219.1
Project("{9A19103F-16F7-4668-BE54-9A1E7A4F7556}") = "SampleApi.One", "SampleApi.One\SampleApi.One.csproj", "{7AA702A3-B6DD-48E3-BF61-423E1BE3DBA7}"
EndProject
Project("{9A19103F-16F7-4668-BE54-9A1E7A4F7556}") = "SampleApi.Two", "SampleApi.Two\SampleApi.Two.csproj", "{AB95F0CE-CBF8-4B87-8309-FFC1D72F8906}"
EndProject
Project("{9A19103F-16F7-4668-BE54-9A1E7A4F7556}") = "Shared", "Shared\Shared.csproj", "{10B5F087-2203-4282-938B-BCB224047676}"
EndProject
Project("{9A19103F-16F7-4668-BE54-9A1E7A4F7556}") = "Worker", "Worker\Worker.csproj", "{1F1BF7C7-AA83-493A-AC7A-BF8BF5AAE6C6}"
EndProject
Project("{9A19103F-16F7-4668-BE54-9A1E7A4F7556}") = "MyLambda", "MyLambda\MyLambda.csproj", "{5447A9BC-88DE-47ED-BF55-0C459DD938DC}"
EndProject
Global
	GlobalSection(SolutionConfigurationPlatforms) = preSolution
		Debug|Any CPU = Debug|Any CPU
		Release|Any CPU = Release|Any CPU
	EndGlobalSection
	GlobalSection(ProjectConfigurationPlatforms) = postSolution
		{7AA702A3-B6DD-48E3-BF61-423E1BE3DBA7}.Debug|Any CPU.ActiveCfg = Debug|Any CPU
		{7AA702A3-B6DD-48E3-BF61-423E1BE3DBA7}.Debug|Any CPU.Build.0 = Debug|Any CPU
		{7AA702A3-B6DD-48E3-BF61-423E1BE3DBA7}.Release|Any CPU.ActiveCfg = Release|Any CPU
		{7AA702A3-B6DD-48E3-BF61-423E1BE3DBA7}.Release|Any CPU.Build.0 = Release|Any CPU
		{AB95F0CE-CBF8-4B87-8309-FFC1D72F8906}.Debug|Any CPU.ActiveCfg = Debug|Any CPU
		{AB95F0CE-CBF8-4B87-8309-FFC1D72F8906}.Debug|Any CPU.Build.0 = Debug|Any CPU
		{AB95F0CE-CBF8-4B87-8309-FFC1D72F8906}.Release|Any CPU.ActiveCfg = Release|Any CPU
		{AB95F0CE-CBF8-4B87-8309-FFC1D72F8906}.Release|Any CPU.Build.0 = Release|Any CPU
		{10B5F087-2203-4282-938B-BCB224047676}.Debug|Any CPU.ActiveCfg = Debug|Any CPU
		{10B5F087-2203-4282-938B-BCB224047676}.Debug|Any CPU.Build.0 = Debug|Any CPU
		{10B5F087-2203-4282-938B-BCB224047676}.Release|Any CPU.ActiveCfg = Release|Any CPU
		{10B5F087-2203-4282-938B-BCB224047676}.Release|Any CPU.Build.0 = Release|Any CPU
		{1F1BF7C7-AA83-493A-AC7A-BF8BF5AAE6C6}.Debug|Any CPU.ActiveCfg = Debug|Any CPU
		{1F1BF7C7-AA83-493A-AC7A-BF8BF5AAE6C6}.Debug|Any CPU.Build.0 = Debug|Any CPU
		{1F1BF7C7-AA83-493A-AC7A-BF8BF5AAE6C6}.Release|Any CPU.ActiveCfg = Release|Any CPU
		{1F1BF7C7-AA83-493A-AC7A-BF8BF5AAE6C6}.Release|Any CPU.Build.0 = Release|Any CPU
		{5447A9BC-88DE-47ED-BF55-0C459DD938DC}.Debug|Any CPU.ActiveCfg = Debug|Any CPU
		{5447A9BC-88DE-47ED-BF55-0C459DD938DC}.Debug|Any CPU.Build.0 = Debug|Any CPU
		{5447A9BC-88DE-47ED-BF55-0C459DD938DC}.Release|Any CPU.ActiveCfg = Release|Any CPU
		{5447A9BC-88DE-47ED-BF55-0C459DD938DC}.Release|Any CPU.Build.0 = Release|Any CPU
	EndGlobalSection
	GlobalSection(SolutionProperties) = preSolution
		HideSolutionNode = FALSE
	EndGlobalSection
	GlobalSection(ExtensibilityGlobals) = postSolution
		SolutionGuid = {881F8EBB-7AE3-4153-9019-304C11D48285}
	EndGlobalSection
EndGlobal
